
Microsoft Visual Studio Solution File, Format Version 12.00
# Visual Studio Version 17
VisualStudioVersion = 17.7.34202.233
MinimumVisualStudioVersion = 10.0.40219.1
Project("{FAE04EC0-301F-11D3-BF4B-00C04F79EFBC}") = "UserCRUD", "UserCRUD\UserCRUD.csproj", "{A07B9AF1-34E7-4E86-9386-5FEF8E2D21AA}"
EndProject
Global
	GlobalSection(SolutionConfigurationPlatforms) = preSolution
		Debug|Any CPU = Debug|Any CPU
		Release|Any CPU = Release|Any CPU
	EndGlobalSection
	GlobalSection(ProjectConfigurationPlatforms) = postSolution
		{A07B9AF1-34E7-4E86-9386-5FEF8E2D21AA}.Debug|Any CPU.ActiveCfg = Debug|Any CPU
		{A07B9AF1-34E7-4E86-9386-5FEF8E2D21AA}.Debug|Any CPU.Build.0 = Debug|Any CPU
		{A07B9AF1-34E7-4E86-9386-5FEF8E2D21AA}.Release|Any CPU.ActiveCfg = Release|Any CPU
		{A07B9AF1-34E7-4E86-9386-5FEF8E2D21AA}.Release|Any CPU.Build.0 = Release|Any CPU
	EndGlobalSection
	GlobalSection(SolutionProperties) = preSolution
		HideSolutionNode = FALSE
	EndGlobalSection
	GlobalSection(ExtensibilityGlobals) = postSolution
		SolutionGuid = {CAC37C47-48AB-4772-A61D-2EEF7F99F9B2}
	EndGlobalSection
EndGlobal
